
Microsoft Visual Studio Solution File, Format Version 12.00
# Visual Studio Version 17
VisualStudioVersion = 17.4.33213.308
MinimumVisualStudioVersion = 10.0.40219.1
Project("{FAE04EC0-301F-11D3-BF4B-00C04F79EFBC}") = "ADFGVX", "ADFGVX\ADFGVX.csproj", "{410788EE-3020-4A4D-B0EE-160C97E20E29}"
EndProject
Project("{FAE04EC0-301F-11D3-BF4B-00C04F79EFBC}") = "ADFGVXgui", "ADFGVXgui\ADFGVXgui.csproj", "{C7639BB6-894D-4358-9EEA-A508ABED127A}"
EndProject
Global
	GlobalSection(SolutionConfigurationPlatforms) = preSolution
		Debug|Any CPU = Debug|Any CPU
		Release|Any CPU = Release|Any CPU
	EndGlobalSection
	GlobalSection(ProjectConfigurationPlatforms) = postSolution
		{410788EE-3020-4A4D-B0EE-160C97E20E29}.Debug|Any CPU.ActiveCfg = Debug|Any CPU
		{410788EE-3020-4A4D-B0EE-160C97E20E29}.Debug|Any CPU.Build.0 = Debug|Any CPU
		{410788EE-3020-4A4D-B0EE-160C97E20E29}.Release|Any CPU.ActiveCfg = Release|Any CPU
		{410788EE-3020-4A4D-B0EE-160C97E20E29}.Release|Any CPU.Build.0 = Release|Any CPU
		{C7639BB6-894D-4358-9EEA-A508ABED127A}.Debug|Any CPU.ActiveCfg = Debug|Any CPU
		{C7639BB6-894D-4358-9EEA-A508ABED127A}.Debug|Any CPU.Build.0 = Debug|Any CPU
		{C7639BB6-894D-4358-9EEA-A508ABED127A}.Release|Any CPU.ActiveCfg = Release|Any CPU
		{C7639BB6-894D-4358-9EEA-A508ABED127A}.Release|Any CPU.Build.0 = Release|Any CPU
	EndGlobalSection
	GlobalSection(SolutionProperties) = preSolution
		HideSolutionNode = FALSE
	EndGlobalSection
	GlobalSection(ExtensibilityGlobals) = postSolution
		SolutionGuid = {DCA421DE-A4CD-4552-B9B3-21FC2889D3CD}
	EndGlobalSection
EndGlobal
